{
  "name": "graphql-aql-generator",
  "version": "2.1.1",
  "lockfileVersion": 1,
  "requires": true,
  "dependencies": {
    "graphql": {
      "version": "14.0.2",
      "resolved": "https://registry.npmjs.org/graphql/-/graphql-14.0.2.tgz",
      "integrity": "sha512-gUC4YYsaiSJT1h40krG3J+USGlwhzNTXSb4IOZljn9ag5Tj+RkoXrWp+Kh7WyE3t1NCfab5kzCuxBIvOMERMXw==",
      "requires": {
        "iterall": "^1.2.2"
      }
    },
    "graphql-sync": {
      "version": "0.10.1-sync",
      "resolved": "https://registry.npmjs.org/graphql-sync/-/graphql-sync-0.10.1-sync.tgz",
      "integrity": "sha1-NoYCLWNHQzlD39dvJqYChV4RGx0="
    },
    "iterall": {
      "version": "1.1.1",
      "resolved": "https://registry.npmjs.org/iterall/-/iterall-1.1.1.tgz",
      "integrity": "sha1-9/CvEemgTsZCYmD1AZ2fzKTVAhQ="
    }
  }
}
